
Microsoft Visual Studio Solution File, Format Version 12.00
# Visual Studio Version 17
VisualStudioVersion = 17.6.33712.159
MinimumVisualStudioVersion = 10.0.40219.1
Project("{FAE04EC0-301F-11D3-BF4B-00C04F79EFBC}") = "ProyectoFinal-23CV", "ProyectoFinal-23CV\ProyectoFinal-23CV.csproj", "{C7F6BA77-104C-4EC0-9ECA-F9A35510FF0B}"
EndProject
Global
	GlobalSection(SolutionConfigurationPlatforms) = preSolution
		Debug|Any CPU = Debug|Any CPU
		Release|Any CPU = Release|Any CPU
	EndGlobalSection
	GlobalSection(ProjectConfigurationPlatforms) = postSolution
		{C7F6BA77-104C-4EC0-9ECA-F9A35510FF0B}.Debug|Any CPU.ActiveCfg = Debug|Any CPU
		{C7F6BA77-104C-4EC0-9ECA-F9A35510FF0B}.Debug|Any CPU.Build.0 = Debug|Any CPU
		{C7F6BA77-104C-4EC0-9ECA-F9A35510FF0B}.Release|Any CPU.ActiveCfg = Release|Any CPU
		{C7F6BA77-104C-4EC0-9ECA-F9A35510FF0B}.Release|Any CPU.Build.0 = Release|Any CPU
	EndGlobalSection
	GlobalSection(SolutionProperties) = preSolution
		HideSolutionNode = FALSE
	EndGlobalSection
	GlobalSection(ExtensibilityGlobals) = postSolution
		SolutionGuid = {375AD8CC-3715-48CA-A57E-66CDACE134C8}
	EndGlobalSection
EndGlobal
